
Microsoft Visual Studio Solution File, Format Version 12.00
# Visual Studio Version 16
VisualStudioVersion = 16.0.31729.503
MinimumVisualStudioVersion = 10.0.40219.1
Project("{FAE04EC0-301F-11D3-BF4B-00C04F79EFBC}") = "ContactTracing", "ContactTracing.csproj", "{BC29431F-703D-4FD9-A8AD-C71AF39166B3}"
EndProject
Global
	GlobalSection(SolutionConfigurationPlatforms) = preSolution
		Debug|Any CPU = Debug|Any CPU
		Release|Any CPU = Release|Any CPU
	EndGlobalSection
	GlobalSection(ProjectConfigurationPlatforms) = postSolution
		{BC29431F-703D-4FD9-A8AD-C71AF39166B3}.Debug|Any CPU.ActiveCfg = Debug|Any CPU
		{BC29431F-703D-4FD9-A8AD-C71AF39166B3}.Debug|Any CPU.Build.0 = Debug|Any CPU
		{BC29431F-703D-4FD9-A8AD-C71AF39166B3}.Release|Any CPU.ActiveCfg = Release|Any CPU
		{BC29431F-703D-4FD9-A8AD-C71AF39166B3}.Release|Any CPU.Build.0 = Release|Any CPU
	EndGlobalSection
	GlobalSection(SolutionProperties) = preSolution
		HideSolutionNode = FALSE
	EndGlobalSection
	GlobalSection(ExtensibilityGlobals) = postSolution
		SolutionGuid = {52811DC0-2801-4645-8703-16F83B11AB49}
	EndGlobalSection
EndGlobal
